
Microsoft Visual Studio Solution File, Format Version 12.00
# Visual Studio Version 17
VisualStudioVersion = 17.3.32825.248
MinimumVisualStudioVersion = 10.0.40219.1
Project("{9A19103F-16F7-4668-BE54-9A1E7A4F7556}") = "Movies", "Movies\Movies.csproj", "{F5E7ED5B-8FD8-40DE-ABBC-EA9336DDF021}"
EndProject
Project("{9A19103F-16F7-4668-BE54-9A1E7A4F7556}") = "About Me", "About Me\About Me.csproj", "{E2DA09F9-D75A-4DDE-9F59-3C14CCC17BB9}"
EndProject
Project("{9A19103F-16F7-4668-BE54-9A1E7A4F7556}") = "MadLib", "MadLib\MadLib.csproj", "{77CA038C-B4CE-4862-B0B0-A7F98A757C63}"
EndProject
Project("{9A19103F-16F7-4668-BE54-9A1E7A4F7556}") = "VideoGameList", "VideoGameList\VideoGameList.csproj", "{40626728-B028-4491-9156-E4A2AA2E4508}"
EndProject
Project("{9A19103F-16F7-4668-BE54-9A1E7A4F7556}") = "Routing", "Routing\Routing.csproj", "{21C3A876-5F78-4F71-A6B4-2CD501561AD0}"
EndProject
Project("{9A19103F-16F7-4668-BE54-9A1E7A4F7556}") = "Validation", "Validation\Validation.csproj", "{196E825B-0FA7-441F-952F-101B63C3A56C}"
EndProject
Project("{FAE04EC0-301F-11D3-BF4B-00C04F79EFBC}") = "Social Media Site", "Social Media Site\Social Media Site.csproj", "{19B6EB67-B390-4DE3-ACBB-DA20D9B450BE}"
EndProject
Global
	GlobalSection(SolutionConfigurationPlatforms) = preSolution
		Debug|Any CPU = Debug|Any CPU
		Release|Any CPU = Release|Any CPU
	EndGlobalSection
	GlobalSection(ProjectConfigurationPlatforms) = postSolution
		{F5E7ED5B-8FD8-40DE-ABBC-EA9336DDF021}.Debug|Any CPU.ActiveCfg = Debug|Any CPU
		{F5E7ED5B-8FD8-40DE-ABBC-EA9336DDF021}.Debug|Any CPU.Build.0 = Debug|Any CPU
		{F5E7ED5B-8FD8-40DE-ABBC-EA9336DDF021}.Release|Any CPU.ActiveCfg = Release|Any CPU
		{F5E7ED5B-8FD8-40DE-ABBC-EA9336DDF021}.Release|Any CPU.Build.0 = Release|Any CPU
		{E2DA09F9-D75A-4DDE-9F59-3C14CCC17BB9}.Debug|Any CPU.ActiveCfg = Debug|Any CPU
		{E2DA09F9-D75A-4DDE-9F59-3C14CCC17BB9}.Debug|Any CPU.Build.0 = Debug|Any CPU
		{E2DA09F9-D75A-4DDE-9F59-3C14CCC17BB9}.Release|Any CPU.ActiveCfg = Release|Any CPU
		{E2DA09F9-D75A-4DDE-9F59-3C14CCC17BB9}.Release|Any CPU.Build.0 = Release|Any CPU
		{77CA038C-B4CE-4862-B0B0-A7F98A757C63}.Debug|Any CPU.ActiveCfg = Debug|Any CPU
		{77CA038C-B4CE-4862-B0B0-A7F98A757C63}.Debug|Any CPU.Build.0 = Debug|Any CPU
		{77CA038C-B4CE-4862-B0B0-A7F98A757C63}.Release|Any CPU.ActiveCfg = Release|Any CPU
		{77CA038C-B4CE-4862-B0B0-A7F98A757C63}.Release|Any CPU.Build.0 = Release|Any CPU
		{40626728-B028-4491-9156-E4A2AA2E4508}.Debug|Any CPU.ActiveCfg = Debug|Any CPU
		{40626728-B028-4491-9156-E4A2AA2E4508}.Debug|Any CPU.Build.0 = Debug|Any CPU
		{40626728-B028-4491-9156-E4A2AA2E4508}.Release|Any CPU.ActiveCfg = Release|Any CPU
		{40626728-B028-4491-9156-E4A2AA2E4508}.Release|Any CPU.Build.0 = Release|Any CPU
		{21C3A876-5F78-4F71-A6B4-2CD501561AD0}.Debug|Any CPU.ActiveCfg = Debug|Any CPU
		{21C3A876-5F78-4F71-A6B4-2CD501561AD0}.Debug|Any CPU.Build.0 = Debug|Any CPU
		{21C3A876-5F78-4F71-A6B4-2CD501561AD0}.Release|Any CPU.ActiveCfg = Release|Any CPU
		{21C3A876-5F78-4F71-A6B4-2CD501561AD0}.Release|Any CPU.Build.0 = Release|Any CPU
		{196E825B-0FA7-441F-952F-101B63C3A56C}.Debug|Any CPU.ActiveCfg = Debug|Any CPU
		{196E825B-0FA7-441F-952F-101B63C3A56C}.Debug|Any CPU.Build.0 = Debug|Any CPU
		{196E825B-0FA7-441F-952F-101B63C3A56C}.Release|Any CPU.ActiveCfg = Release|Any CPU
		{196E825B-0FA7-441F-952F-101B63C3A56C}.Release|Any CPU.Build.0 = Release|Any CPU
		{19B6EB67-B390-4DE3-ACBB-DA20D9B450BE}.Debug|Any CPU.ActiveCfg = Debug|Any CPU
		{19B6EB67-B390-4DE3-ACBB-DA20D9B450BE}.Debug|Any CPU.Build.0 = Debug|Any CPU
		{19B6EB67-B390-4DE3-ACBB-DA20D9B450BE}.Release|Any CPU.ActiveCfg = Release|Any CPU
		{19B6EB67-B390-4DE3-ACBB-DA20D9B450BE}.Release|Any CPU.Build.0 = Release|Any CPU
	EndGlobalSection
	GlobalSection(SolutionProperties) = preSolution
		HideSolutionNode = FALSE
	EndGlobalSection
	GlobalSection(ExtensibilityGlobals) = postSolution
		SolutionGuid = {E72FF011-0611-4B04-8C6C-D4C1FEB57674}
	EndGlobalSection
EndGlobal
